
Microsoft Visual Studio Solution File, Format Version 12.00
# Visual Studio Version 16
VisualStudioVersion = 16.0.29911.84
MinimumVisualStudioVersion = 10.0.40219.1
Project("{FAE04EC0-301F-11D3-BF4B-00C04F79EFBC}") = "OOP1.3", "OOP1.3\OOP1.3.csproj", "{861E4B3F-6EFA-402E-82A3-115A4D318851}"
EndProject
Global
	GlobalSection(SolutionConfigurationPlatforms) = preSolution
		Debug|Any CPU = Debug|Any CPU
		Release|Any CPU = Release|Any CPU
	EndGlobalSection
	GlobalSection(ProjectConfigurationPlatforms) = postSolution
		{861E4B3F-6EFA-402E-82A3-115A4D318851}.Debug|Any CPU.ActiveCfg = Debug|Any CPU
		{861E4B3F-6EFA-402E-82A3-115A4D318851}.Debug|Any CPU.Build.0 = Debug|Any CPU
		{861E4B3F-6EFA-402E-82A3-115A4D318851}.Release|Any CPU.ActiveCfg = Release|Any CPU
		{861E4B3F-6EFA-402E-82A3-115A4D318851}.Release|Any CPU.Build.0 = Release|Any CPU
	EndGlobalSection
	GlobalSection(SolutionProperties) = preSolution
		HideSolutionNode = FALSE
	EndGlobalSection
	GlobalSection(ExtensibilityGlobals) = postSolution
		SolutionGuid = {3C9DB438-2AB2-44E7-BDCD-2A83C0DCB3F3}
	EndGlobalSection
EndGlobal
